
Microsoft Visual Studio Solution File, Format Version 12.00
# Visual Studio 15
Project("{FAE04EC0-301F-11D3-BF4B-00C04F79EFBC}") = "Toyrobots", "Toyrobots\Toyrobots.csproj", "{5DF49C3C-C50C-42A3-AF52-2C05385E6AE0}"
EndProject
Global
	GlobalSection(SolutionConfigurationPlatforms) = preSolution
		Debug|Any CPU = Debug|Any CPU
		Release|Any CPU = Release|Any CPU
	EndGlobalSection
	GlobalSection(ProjectConfigurationPlatforms) = postSolution
		{5DF49C3C-C50C-42A3-AF52-2C05385E6AE0}.Debug|Any CPU.ActiveCfg = Debug|Any CPU
		{5DF49C3C-C50C-42A3-AF52-2C05385E6AE0}.Debug|Any CPU.Build.0 = Debug|Any CPU
		{5DF49C3C-C50C-42A3-AF52-2C05385E6AE0}.Release|Any CPU.ActiveCfg = Release|Any CPU
		{5DF49C3C-C50C-42A3-AF52-2C05385E6AE0}.Release|Any CPU.Build.0 = Release|Any CPU
	EndGlobalSection
EndGlobal
